
Microsoft Visual Studio Solution File, Format Version 12.00
# Visual Studio 15
VisualStudioVersion = 15.0.26730.12
MinimumVisualStudioVersion = 10.0.40219.1
Project("{8BC9CEB8-8B4A-11D0-8D11-00A0C91BC942}") = "Playlist Manager", "Playlist Manager.vcxproj", "{5A59F41E-47E2-4890-AC87-CDB1FB25A4C1}"
EndProject
Global
	GlobalSection(SolutionConfigurationPlatforms) = preSolution
		Debug|x64 = Debug|x64
		Debug|x86 = Debug|x86
		Release|x64 = Release|x64
		Release|x86 = Release|x86
	EndGlobalSection
	GlobalSection(ProjectConfigurationPlatforms) = postSolution
		{5A59F41E-47E2-4890-AC87-CDB1FB25A4C1}.Debug|x64.ActiveCfg = Debug|x64
		{5A59F41E-47E2-4890-AC87-CDB1FB25A4C1}.Debug|x64.Build.0 = Debug|x64
		{5A59F41E-47E2-4890-AC87-CDB1FB25A4C1}.Debug|x86.ActiveCfg = Debug|Win32
		{5A59F41E-47E2-4890-AC87-CDB1FB25A4C1}.Debug|x86.Build.0 = Debug|Win32
		{5A59F41E-47E2-4890-AC87-CDB1FB25A4C1}.Release|x64.ActiveCfg = Release|x64
		{5A59F41E-47E2-4890-AC87-CDB1FB25A4C1}.Release|x64.Build.0 = Release|x64
		{5A59F41E-47E2-4890-AC87-CDB1FB25A4C1}.Release|x86.ActiveCfg = Release|Win32
		{5A59F41E-47E2-4890-AC87-CDB1FB25A4C1}.Release|x86.Build.0 = Release|Win32
	EndGlobalSection
	GlobalSection(SolutionProperties) = preSolution
		HideSolutionNode = FALSE
	EndGlobalSection
	GlobalSection(ExtensibilityGlobals) = postSolution
		SolutionGuid = {7A76B0C3-5CD4-4A0D-8B27-AF0823F0DF3E}
	EndGlobalSection
EndGlobal
